PODS:
  - external_app_launcher (0.0.1):
    - Flutter
  - Flutter (1.0.0)

DEPENDENCIES:
  - external_app_launcher (from `.symlinks/plugins/external_app_launcher/ios`)
  - Flutter (from `Flutter`)

EXTERNAL SOURCES:
  external_app_launcher:
    :path: ".symlinks/plugins/external_app_launcher/ios"
  Flutter:
    :path: Flutter

SPEC CHECKSUMS:
  external_app_launcher: ad55ac844aa21f2d2197d7cec58ff0d0dc40bbc0
  Flutter: f04841e97a9d0b0a8025694d0796dd46242b2854

PODFILE CHECKSUM: 70d9d25280d0dd177a5f637cdb0f0b0b12c6a189

COCOAPODS: 1.12.1
